
Microsoft Visual Studio Solution File, Format Version 12.00
# Visual Studio Version 17
VisualStudioVersion = 17.2.32616.157
MinimumVisualStudioVersion = 10.0.40219.1
Project("{FAE04EC0-301F-11D3-BF4B-00C04F79EFBC}") = "Yury_calculadora", "Yury_calculadora.csproj", "{43604339-C100-47B2-934E-EE5F712A0E7F}"
EndProject
Global
	GlobalSection(SolutionConfigurationPlatforms) = preSolution
		Debug|Any CPU = Debug|Any CPU
		Release|Any CPU = Release|Any CPU
	EndGlobalSection
	GlobalSection(ProjectConfigurationPlatforms) = postSolution
		{43604339-C100-47B2-934E-EE5F712A0E7F}.Debug|Any CPU.ActiveCfg = Debug|Any CPU
		{43604339-C100-47B2-934E-EE5F712A0E7F}.Debug|Any CPU.Build.0 = Debug|Any CPU
		{43604339-C100-47B2-934E-EE5F712A0E7F}.Release|Any CPU.ActiveCfg = Release|Any CPU
		{43604339-C100-47B2-934E-EE5F712A0E7F}.Release|Any CPU.Build.0 = Release|Any CPU
	EndGlobalSection
	GlobalSection(SolutionProperties) = preSolution
		HideSolutionNode = FALSE
	EndGlobalSection
	GlobalSection(ExtensibilityGlobals) = postSolution
		SolutionGuid = {27280811-86D7-4B0C-92B7-A96E0DFF470F}
	EndGlobalSection
EndGlobal
